{
    "_readme": [
        "This file locks the dependencies of your project to a known state",
        "Read more about it at https://getcomposer.org/doc/01-basic-usage.md#installing-dependencies",
        "This file is @generated automatically"
    ],
    "content-hash": "ceddf2fecb95333e9eecf52108c96934",
    "packages": [
        {
            "name": "ebanx/benjamin",
            "version": "1.17.2",
            "source": {
                "type": "git",
                "url": "https://github.com/ebanx/benjamin.git",
                "reference": "1a796a5065463180eb0c84661a1e41efa034ea2a"
            },
            "dist": {
                "type": "zip",
                "url": "https://api.github.com/repos/ebanx/benjamin/zipball/1a796a5065463180eb0c84661a1e41efa034ea2a",
                "reference": "1a796a5065463180eb0c84661a1e41efa034ea2a",
                "shasum": ""
            },
            "require": {
                "ext-curl": "*",
                "php": ">=5.4"
            },
            "require-dev": {
                "friendsofphp/php-cs-fixer": "^2.2.3",
                "fzaninotto/faker": "^1.6@dev",
                "justinrainbow/json-schema": "^5.0@dev",
                "phpunit/phpunit": "^4.8",
                "sebastian/phpcpd": "^2.0.4",
                "vlucas/phpdotenv": "^2.4@dev"
            },
            "type": "library",
            "autoload": {
                "psr-4": {
                    "Ebanx\\Benjamin\\": "src/"
                },
                "files": [
                    "main.php"
                ]
            },
            "notification-url": "https://packagist.org/downloads/",
            "license": [
                "Apache-2.0"
            ],
            "description": "Business rule provider lib for plugin implementations",
            "time": "2019-02-04T12:03:43+00:00"
        }
    ],
    "packages-dev": [
        {
            "name": "magento-ecg/coding-standard",
            "version": "dev-master",
            "source": {
                "type": "git",
                "url": "https://github.com/magento-ecg/coding-standard.git",
                "reference": "7ead7cecf35e3dc583a7a35b4257ba85317b4b26"
            },
            "dist": {
                "type": "zip",
                "url": "https://api.github.com/repos/magento-ecg/coding-standard/zipball/7ead7cecf35e3dc583a7a35b4257ba85317b4b26",
                "reference": "7ead7cecf35e3dc583a7a35b4257ba85317b4b26",
                "shasum": ""
            },
            "require": {
                "php": ">=5.4.0"
            },
            "type": "library",
            "notification-url": "https://packagist.org/downloads/",
            "license": [
                "MIT"
            ],
            "authors": [
                {
                    "name": "Magento Expert Consulting Group",
                    "homepage": "http://magentocommerce.com/consulting",
                    "role": "Maintainer"
                }
            ],
            "description": "A set of PHP_CodeSniffer rules and sniffs.",
            "homepage": "https://github.com/magento-ecg/coding-standard",
            "time": "2017-08-08T21:48:13+00:00"
        },
        {
            "name": "squizlabs/php_codesniffer",
            "version": "dev-master",
            "source": {
                "type": "git",
                "url": "https://github.com/squizlabs/PHP_CodeSniffer.git",
                "reference": "49a3e26aa3aa042fece78b0061ba46ccc5f51e76"
            },
            "dist": {
                "type": "zip",
                "url": "https://api.github.com/repos/squizlabs/PHP_CodeSniffer/zipball/49a3e26aa3aa042fece78b0061ba46ccc5f51e76",
                "reference": "49a3e26aa3aa042fece78b0061ba46ccc5f51e76",
                "shasum": ""
            },
            "require": {
                "ext-simplexml": "*",
                "ext-tokenizer": "*",
                "ext-xmlwriter": "*",
                "php": ">=5.4.0"
            },
            "require-dev": {
                "phpunit/phpunit": "^4.0 || ^5.0 || ^6.0 || ^7.0"
            },
            "bin": [
                "bin/phpcs",
                "bin/phpcbf"
            ],
            "type": "library",
            "extra": {
                "branch-alias": {
                    "dev-master": "3.x-dev"
                }
            },
            "notification-url": "https://packagist.org/downloads/",
            "license": [
                "BSD-3-Clause"
            ],
            "authors": [
                {
                    "name": "Greg Sherwood",
                    "role": "lead"
                }
            ],
            "description": "PHP_CodeSniffer tokenizes PHP, JavaScript and CSS files and detects violations of a defined set of coding standards.",
            "homepage": "http://www.squizlabs.com/php-codesniffer",
            "keywords": [
                "phpcs",
                "standards"
            ],
            "time": "2019-02-05T03:49:35+00:00"
        }
    ],
    "aliases": [],
    "minimum-stability": "dev",
    "stability-flags": {
        "magento-ecg/coding-standard": 20
    },
    "prefer-stable": false,
    "prefer-lowest": false,
    "platform": [],
    "platform-dev": []
}
